
Microsoft Visual Studio Solution File, Format Version 12.00
# Visual Studio 15
VisualStudioVersion = 15.0.27428.2037
MinimumVisualStudioVersion = 10.0.40219.1
Project("{FAE04EC0-301F-11D3-BF4B-00C04F79EFBC}") = "SPORTS_STORE", "SPORTS_STORE\SPORTS_STORE.csproj", "{B3AE4810-F526-4491-8A2D-6DA3BD28DB59}"
EndProject
Global
	GlobalSection(SolutionConfigurationPlatforms) = preSolution
		Debug|Any CPU = Debug|Any CPU
		Release|Any CPU = Release|Any CPU
	EndGlobalSection
	GlobalSection(ProjectConfigurationPlatforms) = postSolution
		{B3AE4810-F526-4491-8A2D-6DA3BD28DB59}.Debug|Any CPU.ActiveCfg = Debug|Any CPU
		{B3AE4810-F526-4491-8A2D-6DA3BD28DB59}.Debug|Any CPU.Build.0 = Debug|Any CPU
		{B3AE4810-F526-4491-8A2D-6DA3BD28DB59}.Release|Any CPU.ActiveCfg = Release|Any CPU
		{B3AE4810-F526-4491-8A2D-6DA3BD28DB59}.Release|Any CPU.Build.0 = Release|Any CPU
	EndGlobalSection
	GlobalSection(SolutionProperties) = preSolution
		HideSolutionNode = FALSE
	EndGlobalSection
	GlobalSection(ExtensibilityGlobals) = postSolution
		SolutionGuid = {6A993CDC-FFC9-4244-B019-C8CCC8FD5F67}
	EndGlobalSection
EndGlobal
